github.com/BurntSushi/toml v1.1.0/go.mod h1:CxXYINrC8qIiEnFrOxCa7Jy5BFHlXnUU2pbicEuybxQ=
github.com/BurntSushi/toml v1.5.0 h1:W5quZX/G/csjUnuI8SUYlsHs9M38FC7znL0lIO+DvMg=
github.com/BurntSushi/toml v1.5.0/go.mod h1:ukJfTF/6rtPPRCnwkur4qwRxa8vTRFBF0uk2lLoLwho=
github.com/cristalhq/aconfig v0.17.0/go.mod h1:NXaRp+1e6bkO4dJn+wZ71xyaihMDYPtCSvEhMTm/H3E=
github.com/cristalhq/aconfig v0.18.7 h1:ZvgaiSz7D3++TrXN9DrTSWA71eFuig0HhBY32nblLOk=
github.com/cristalhq/aconfig v0.18.7/go.mod h1:9ogrGEt9yU5V4pif/ThkVUfhj8JkdV+iDeahZGgfnDU=
github.com/cristalhq/aconfig/aconfighcl v0.17.1 h1:/hJvmmoP3akvjY8qARiXgN30m/WXeBvpQdQ8v4DE8W8=
github.com/cristalhq/aconfig/aconfighcl v0.17.1/go.mod h1:oOPqMmdUjVW6pKKO1zkOwQKHSUD0rlu8F5do+pylOQc=
github.com/cristalhq/aconfig/aconfigtoml v0.17.1 h1:TA3xH8mALD8YeULsr4v87cMbKGBma35lWeRga4Xn11Q=
github.com/cristalhq/aconfig/aconfigtoml v0.17.1/go.mod h1:xt4kCEjhgvHWO/oDGJHQHrW5CnvSEoBjJhRXVBdYbhQ=
github.com/cristalhq/aconfig/aconfigyaml v0.17.1 h1:xCCbRKVmKrft9gQj3gHOq6U5PduasvlXEIsxtyzmFZ0=
github.com/cristalhq/aconfig/aconfigyaml v0.17.1/go.mod h1:5DTsjHkvQ6hfbyxfG32roB1lF0U82rROtFaLxibL8V8=
github.com/davecgh/go-spew v1.1.1/go.mod h1:J7Y8YcW2NihsgmVo/mv3lAwl/skON4iLHjSsI+c5H38=
github.com/davecgh/go-spew v1.1.2-0.20180830191138-d8f796af33cc h1:U9qPSI2PIWSS1VwoXQT9A3Wy9MM3WgvqSxFWenqJduM=
github.com/davecgh/go-spew v1.1.2-0.20180830191138-d8f796af33cc/go.mod h1:J7Y8YcW2NihsgmVo/mv3lAwl/skON4iLHjSsI+c5H38=
github.com/google/go-cmp v0.7.0 h1:wk8382ETsv4JYUZwIsn6YpYiWiBsYLSJiTsyBybVuN8=
github.com/google/go-cmp v0.7.0/go.mod h1:pXiqmnSA92OHEEa9HXL2W4E7lf9JzCmGVUdgjX3N/iU=
github.com/hashicorp/hcl v1.0.0 h1:0Anlzjpi4vEasTeNFn2mLJgTSwt0+6sfsiTG8qcWGx4=
github.com/hashicorp/hcl v1.0.0/go.mod h1:E5yfLk+7swimpb2L/Alb/PJmXilQ/rhwaUYs4T20WEQ=
github.com/krolaw/dhcp4 v0.0.0-20190909130307-a50d88189771 h1:t2c2B9g1ZVhMYduqmANSEGVD3/1WlsrEYNPtVoFlENk=
github.com/krolaw/dhcp4 v0.0.0-20190909130307-a50d88189771/go.mod h1:0AqAH3ZogsCrvrtUpvc6EtVKbc3w6xwZhkvGLuqyi3o=
github.com/libp2p/go-reuseport v0.4.0 h1:nR5KU7hD0WxXCJbmw7r2rhRYruNRl2koHw8fQscQm2s=
github.com/libp2p/go-reuseport v0.4.0/go.mod h1:ZtI03j/wO5hZVDFo2jKywN6bYKWLOy8Se6DrI2E1cLU=
github.com/lmittmann/tint v1.0.7 h1:D/0OqWZ0YOGZ6AyC+5Y2kD8PBEzBk6rFHVSfOqCkF9Y=
github.com/lmittmann/tint v1.0.7/go.mod h1:HIS3gSy7qNwGCj+5oRjAutErFBl4BzdQP6cJZ0NfMwE=
github.com/miekg/dns v1.1.65 h1:0+tIPHzUW0GCge7IiK3guGP57VAw7hoPDfApjkMD1Fc=
github.com/miekg/dns v1.1.65/go.mod h1:Dzw9769uoKVaLuODMDZz9M6ynFU6Em65csPuoi8G0ck=
github.com/mitchellh/mapstructure v1.5.0 h1:jeMsZIYE/09sWLaz43PL7Gy6RuMjD2eJVyuac5Z2hdY=
github.com/mitchellh/mapstructure v1.5.0/go.mod h1:bFUtVrKA4DC2yAKiSyO/QUcy7e+RRV2QTWOzhPopBRo=
github.com/oschwald/geoip2-golang v1.11.0 h1:hNENhCn1Uyzhf9PTmquXENiWS6AlxAEnBII6r8krA3w=
github.com/oschwald/geoip2-golang v1.11.0/go.mod h1:P9zG+54KPEFOliZ29i7SeYZ/GM6tfEL+rgSn03hYuUo=
github.com/oschwald/maxminddb-golang v1.13.0 h1:R8xBorY71s84yO06NgTmQvqvTvlS/bnYZrrWX1MElnU=
github.com/oschwald/maxminddb-golang v1.13.0/go.mod h1:BU0z8BfFVhi1LQaonTwwGQlsHUEu9pWNdMfmq4ztm0o=
github.com/pkg/errors v0.9.1 h1:FEBLx1zS214owpjy7qsBeixbURkuhQAwrK5UwLGTwt4=
github.com/pkg/errors v0.9.1/go.mod h1:bwawxfHBFNV+L2hUp1rHADufV3IMtnDRdf1r5NINEl0=
github.com/pmezard/go-difflib v1.0.1-0.20181226105442-5d4384ee4fb2 h1:Jamvg5psRIccs7FGNTlIRMkT8wgtp5eCXdBlqhYGL6U=
github.com/pmezard/go-difflib v1.0.1-0.20181226105442-5d4384ee4fb2/go.mod h1:iKH77koFhYxTK1pcRnkKkqfTogsbg7gZNVY4sRDYZ/4=
github.com/sower-proxy/conns v0.1.1 h1:9VPVW+sFc/y/IvXbUQTbXNSPF3I+1IG5mbrQTt5bdTE=
github.com/sower-proxy/conns v0.1.1/go.mod h1:p3ZM/8MolzW4TN0LaiPJnwnhhif3y9sBi2vQEWHvwhg=
github.com/sower-proxy/deferlog/v2 v2.0.1 h1:HHU5C0LkgrgEPqudafdUqAUETAnnnu7GuNwvVvvt4/0=
github.com/sower-proxy/deferlog/v2 v2.0.1/go.mod h1:mdLrL/bxiTNhxeRLtRgKAecQddugI0iJ0ArC3yDwVSw=
github.com/sower-proxy/mem v0.0.3 h1:JK86etQ2QxRUXhs9JhoKYz5p3pFBSrI3UXVhwm44OzM=
github.com/sower-proxy/mem v0.0.3/go.mod h1:tM3P+gCAZMVBnOixGVAHS34si9Iwj2HU6M4IVEv4rK0=
github.com/stretchr/testify v1.11.1 h1:7s2iGBzp5EwR7/aIZr8ao5+dra3wiQyKjjFuvgVKu7U=
github.com/stretchr/testify v1.11.1/go.mod h1:wZwfW3scLgRK+23gO65QZefKpKQRnfz6sD981Nm4B6U=
golang.org/x/crypto v0.37.0 h1:kJNSjF/Xp7kU0iB2Z+9viTPMW4EqqsrywMXLJOOsXSE=
golang.org/x/crypto v0.37.0/go.mod h1:vg+k43peMZ0pUMhYmVAWysMK35e6ioLh3wB8ZCAfbVc=
golang.org/x/mod v0.23.0 h1:Zb7khfcRGKk+kqfxFaP5tZqCnDZMjC5VtUBs87Hr6QM=
golang.org/x/mod v0.23.0/go.mod h1:6SkKJ3Xj0I0BrPOZoBy3bdMptDDU9oJrpohJ3eWZ1fY=
golang.org/x/net v0.38.0 h1:vRMAPTMaeGqVhG5QyLJHqNDwecKTomGeqbnfZyKlBI8=
golang.org/x/net v0.38.0/go.mod h1:ivrbrMbzFq5J41QOQh0siUuly180yBYtLp+CKbEaFx8=
golang.org/x/sync v0.14.0 h1:woo0S4Yywslg6hp4eUFjTVOyKt0RookbpAHG4c1HmhQ=
golang.org/x/sync v0.14.0/go.mod h1:1dzgHSNfp02xaA81J2MS99Qcpr2w7fw1gpm99rleRqA=
golang.org/x/sys v0.33.0 h1:q3i8TbbEz+JRD9ywIRlyRAQbM0qF7hu24q3teo2hbuw=
golang.org/x/sys v0.33.0/go.mod h1:BJP2sWEmIv4KK5OTEluFJCKSidICx8ciO85XgH3Ak8k=
golang.org/x/text v0.25.0 h1:qVyWApTSYLk/drJRO5mDlNYskwQznZmkpV2c8q9zls4=
golang.org/x/text v0.25.0/go.mod h1:WEdwpYrmk1qmdHvhkSTNPm3app7v4rsT8F2UD6+VHIA=
golang.org/x/tools v0.30.0 h1:BgcpHewrV5AUp2G9MebG4XPFI1E2W41zU1SaqVA9vJY=
golang.org/x/tools v0.30.0/go.mod h1:c347cR/OJfw5TI+GfX7RUPNMdDRRbjvYTS0jPyvsVtY=
gopkg.in/check.v1 v0.0.0-20161208181325-20d25e280405 h1:yhCVgyC4o1eVCa2tZl7eS0r+SDo693bJlVdllGtEeKM=
gopkg.in/check.v1 v0.0.0-20161208181325-20d25e280405/go.mod h1:Co6ibVJAznAaIkqp8huTwlJQCZ016jof/cbN4VW5Yz0=
gopkg.in/yaml.v3 v3.0.1 h1:fxVm/GzAzEWqLHuvctI91KS9hhNmmWOoWu0XTYJS7CA=
gopkg.in/yaml.v3 v3.0.1/go.mod h1:K4uyk7z7BCEPqu6E+C64Yfv1cQ7kz7rIZviUmN+EgEM=
